
Microsoft Visual Studio Solution File, Format Version 11.00
# Visual Studio 2010
Project("{FAE04EC0-301F-11D3-BF4B-00C04F79EFBC}") = "Assembly-CSharp", "Assembly-CSharp.csproj", "{bbe01c93-9145-16dc-e8ec-0e64e7322dab}"
EndProject
Project("{FAE04EC0-301F-11D3-BF4B-00C04F79EFBC}") = "Assembly-CSharp-Editor", "Assembly-CSharp-Editor.csproj", "{74bd1c5b-acd2-5914-d9c0-df6a919ddf42}"
EndProject
Global
	GlobalSection(SolutionConfigurationPlatforms) = preSolution
		Debug|Any CPU = Debug|Any CPU
	EndGlobalSection
	GlobalSection(ProjectConfigurationPlatforms) = postSolution
		{bbe01c93-9145-16dc-e8ec-0e64e7322dab}.Debug|Any CPU.ActiveCfg = Debug|Any CPU
		{bbe01c93-9145-16dc-e8ec-0e64e7322dab}.Debug|Any CPU.Build.0 = Debug|Any CPU
		{74bd1c5b-acd2-5914-d9c0-df6a919ddf42}.Debug|Any CPU.ActiveCfg = Debug|Any CPU
		{74bd1c5b-acd2-5914-d9c0-df6a919ddf42}.Debug|Any CPU.Build.0 = Debug|Any CPU
	EndGlobalSection
	GlobalSection(SolutionProperties) = preSolution
		HideSolutionNode = FALSE
	EndGlobalSection
EndGlobal
